
Microsoft Visual Studio Solution File, Format Version 12.00
Project("{FAE04EC0-301F-11D3-BF4B-00C04F79EFBC}") = "labnumber2", "labnumber2\labnumber2.csproj", "{E6D499BA-1677-498C-AEF0-8354CD06C2D8}"
EndProject
Project("{FAE04EC0-301F-11D3-BF4B-00C04F79EFBC}") = "labnumber2.Android", "labnumber2.Android\labnumber2.Android.csproj", "{3FECA217-228A-4F10-97A1-0564189C6974}"
EndProject
Project("{FAE04EC0-301F-11D3-BF4B-00C04F79EFBC}") = "labnumber2.iOS", "labnumber2.iOS\labnumber2.iOS.csproj", "{1316CEB1-7CB2-45AA-A828-C8E3A129E8D9}"
EndProject
Global
	GlobalSection(SolutionConfigurationPlatforms) = preSolution
		Ad-Hoc|iPhone = Ad-Hoc|iPhone
		AppStore|iPhone = AppStore|iPhone
		Debug|Any CPU = Debug|Any CPU
		Debug|iPhone = Debug|iPhone
		Debug|iPhoneSimulator = Debug|iPhoneSimulator
		Release|Any CPU = Release|Any CPU
		Release|iPhone = Release|iPhone
		Release|iPhoneSimulator = Release|iPhoneSimulator
	EndGlobalSection
	GlobalSection(ProjectConfigurationPlatforms) = postSolution
		{E6D499BA-1677-498C-AEF0-8354CD06C2D8}.Ad-Hoc|iPhone.ActiveCfg = Debug|Any CPU
		{E6D499BA-1677-498C-AEF0-8354CD06C2D8}.Ad-Hoc|iPhone.Build.0 = Debug|Any CPU
		{E6D499BA-1677-498C-AEF0-8354CD06C2D8}.AppStore|iPhone.ActiveCfg = Debug|Any CPU
		{E6D499BA-1677-498C-AEF0-8354CD06C2D8}.AppStore|iPhone.Build.0 = Debug|Any CPU
		{E6D499BA-1677-498C-AEF0-8354CD06C2D8}.Debug|Any CPU.ActiveCfg = Debug|Any CPU
		{E6D499BA-1677-498C-AEF0-8354CD06C2D8}.Debug|Any CPU.Build.0 = Debug|Any CPU
		{E6D499BA-1677-498C-AEF0-8354CD06C2D8}.Debug|iPhone.ActiveCfg = Debug|Any CPU
		{E6D499BA-1677-498C-AEF0-8354CD06C2D8}.Debug|iPhone.Build.0 = Debug|Any CPU
		{E6D499BA-1677-498C-AEF0-8354CD06C2D8}.Debug|iPhoneSimulator.ActiveCfg = Debug|Any CPU
		{E6D499BA-1677-498C-AEF0-8354CD06C2D8}.Debug|iPhoneSimulator.Build.0 = Debug|Any CPU
		{E6D499BA-1677-498C-AEF0-8354CD06C2D8}.Release|Any CPU.ActiveCfg = Release|Any CPU
		{E6D499BA-1677-498C-AEF0-8354CD06C2D8}.Release|Any CPU.Build.0 = Release|Any CPU
		{E6D499BA-1677-498C-AEF0-8354CD06C2D8}.Release|iPhone.ActiveCfg = Release|Any CPU
		{E6D499BA-1677-498C-AEF0-8354CD06C2D8}.Release|iPhone.Build.0 = Release|Any CPU
		{E6D499BA-1677-498C-AEF0-8354CD06C2D8}.Release|iPhoneSimulator.ActiveCfg = Release|Any CPU
		{E6D499BA-1677-498C-AEF0-8354CD06C2D8}.Release|iPhoneSimulator.Build.0 = Release|Any CPU
		{3FECA217-228A-4F10-97A1-0564189C6974}.Ad-Hoc|iPhone.ActiveCfg = Debug|Any CPU
		{3FECA217-228A-4F10-97A1-0564189C6974}.Ad-Hoc|iPhone.Build.0 = Debug|Any CPU
		{3FECA217-228A-4F10-97A1-0564189C6974}.Ad-Hoc|iPhone.Deploy.0 = Debug|Any CPU
		{3FECA217-228A-4F10-97A1-0564189C6974}.AppStore|iPhone.ActiveCfg = Debug|Any CPU
		{3FECA217-228A-4F10-97A1-0564189C6974}.AppStore|iPhone.Build.0 = Debug|Any CPU
		{3FECA217-228A-4F10-97A1-0564189C6974}.AppStore|iPhone.Deploy.0 = Debug|Any CPU
		{3FECA217-228A-4F10-97A1-0564189C6974}.Debug|Any CPU.ActiveCfg = Debug|Any CPU
		{3FECA217-228A-4F10-97A1-0564189C6974}.Debug|Any CPU.Build.0 = Debug|Any CPU
		{3FECA217-228A-4F10-97A1-0564189C6974}.Debug|Any CPU.Deploy.0 = Debug|Any CPU
		{3FECA217-228A-4F10-97A1-0564189C6974}.Debug|iPhone.ActiveCfg = Debug|Any CPU
		{3FECA217-228A-4F10-97A1-0564189C6974}.Debug|iPhone.Build.0 = Debug|Any CPU
		{3FECA217-228A-4F10-97A1-0564189C6974}.Debug|iPhone.Deploy.0 = Debug|Any CPU
		{3FECA217-228A-4F10-97A1-0564189C6974}.Debug|iPhoneSimulator.ActiveCfg = Debug|Any CPU
		{3FECA217-228A-4F10-97A1-0564189C6974}.Debug|iPhoneSimulator.Build.0 = Debug|Any CPU
		{3FECA217-228A-4F10-97A1-0564189C6974}.Debug|iPhoneSimulator.Deploy.0 = Debug|Any CPU
		{3FECA217-228A-4F10-97A1-0564189C6974}.Release|Any CPU.ActiveCfg = Release|Any CPU
		{3FECA217-228A-4F10-97A1-0564189C6974}.Release|Any CPU.Build.0 = Release|Any CPU
		{3FECA217-228A-4F10-97A1-0564189C6974}.Release|Any CPU.Deploy.0 = Release|Any CPU
		{3FECA217-228A-4F10-97A1-0564189C6974}.Release|iPhone.ActiveCfg = Release|Any CPU
		{3FECA217-228A-4F10-97A1-0564189C6974}.Release|iPhone.Build.0 = Release|Any CPU
		{3FECA217-228A-4F10-97A1-0564189C6974}.Release|iPhone.Deploy.0 = Release|Any CPU
		{3FECA217-228A-4F10-97A1-0564189C6974}.Release|iPhoneSimulator.ActiveCfg = Release|Any CPU
		{3FECA217-228A-4F10-97A1-0564189C6974}.Release|iPhoneSimulator.Build.0 = Release|Any CPU
		{3FECA217-228A-4F10-97A1-0564189C6974}.Release|iPhoneSimulator.Deploy.0 = Release|Any CPU
		{1316CEB1-7CB2-45AA-A828-C8E3A129E8D9}.Ad-Hoc|iPhone.ActiveCfg = Ad-Hoc|iPhone
		{1316CEB1-7CB2-45AA-A828-C8E3A129E8D9}.Ad-Hoc|iPhone.Build.0 = Ad-Hoc|iPhone
		{1316CEB1-7CB2-45AA-A828-C8E3A129E8D9}.Ad-Hoc|iPhone.Deploy.0 = Ad-Hoc|iPhone
		{1316CEB1-7CB2-45AA-A828-C8E3A129E8D9}.AppStore|iPhone.ActiveCfg = AppStore|iPhone
		{1316CEB1-7CB2-45AA-A828-C8E3A129E8D9}.AppStore|iPhone.Build.0 = AppStore|iPhone
		{1316CEB1-7CB2-45AA-A828-C8E3A129E8D9}.AppStore|iPhone.Deploy.0 = AppStore|iPhone
		{1316CEB1-7CB2-45AA-A828-C8E3A129E8D9}.Debug|Any CPU.ActiveCfg = Debug|iPhoneSimulator
		{1316CEB1-7CB2-45AA-A828-C8E3A129E8D9}.Debug|Any CPU.Build.0 = Debug|iPhoneSimulator
		{1316CEB1-7CB2-45AA-A828-C8E3A129E8D9}.Debug|Any CPU.Deploy.0 = Debug|iPhoneSimulator
		{1316CEB1-7CB2-45AA-A828-C8E3A129E8D9}.Debug|iPhone.ActiveCfg = Debug|iPhone
		{1316CEB1-7CB2-45AA-A828-C8E3A129E8D9}.Debug|iPhone.Build.0 = Debug|iPhone
		{1316CEB1-7CB2-45AA-A828-C8E3A129E8D9}.Debug|iPhone.Deploy.0 = Debug|iPhone
		{1316CEB1-7CB2-45AA-A828-C8E3A129E8D9}.Debug|iPhoneSimulator.ActiveCfg = Debug|iPhoneSimulator
		{1316CEB1-7CB2-45AA-A828-C8E3A129E8D9}.Debug|iPhoneSimulator.Build.0 = Debug|iPhoneSimulator
		{1316CEB1-7CB2-45AA-A828-C8E3A129E8D9}.Debug|iPhoneSimulator.Deploy.0 = Debug|iPhoneSimulator
		{1316CEB1-7CB2-45AA-A828-C8E3A129E8D9}.Release|Any CPU.ActiveCfg = Release|iPhoneSimulator
		{1316CEB1-7CB2-45AA-A828-C8E3A129E8D9}.Release|Any CPU.Build.0 = Release|iPhoneSimulator
		{1316CEB1-7CB2-45AA-A828-C8E3A129E8D9}.Release|Any CPU.Deploy.0 = Release|iPhoneSimulator
		{1316CEB1-7CB2-45AA-A828-C8E3A129E8D9}.Release|iPhone.ActiveCfg = Release|iPhone
		{1316CEB1-7CB2-45AA-A828-C8E3A129E8D9}.Release|iPhone.Build.0 = Release|iPhone
		{1316CEB1-7CB2-45AA-A828-C8E3A129E8D9}.Release|iPhone.Deploy.0 = Release|iPhone
		{1316CEB1-7CB2-45AA-A828-C8E3A129E8D9}.Release|iPhoneSimulator.ActiveCfg = Release|iPhoneSimulator
		{1316CEB1-7CB2-45AA-A828-C8E3A129E8D9}.Release|iPhoneSimulator.Build.0 = Release|iPhoneSimulator
		{1316CEB1-7CB2-45AA-A828-C8E3A129E8D9}.Release|iPhoneSimulator.Deploy.0 = Release|iPhoneSimulator
	EndGlobalSection
EndGlobal
